// !$*UTF8*$!
{
	archiveVersion = 1;
	classes = {
	};
	objectVersion = 50;
	objects = {

/* Begin PBXBuildFile section */
		8880CB7E21537EA8007955EA /* AppDelegate.swift in Sources */ = {isa = PBXBuildFile; fileRef = 8880CB7D21537EA8007955EA /* AppDelegate.swift */; };
		8880CB8021537EA8007955EA /* ViewController.swift in Sources */ = {isa = PBXBuildFile; fileRef = 8880CB7F21537EA8007955EA /* ViewController.swift */; };
		8880CB8321537EA9007955EA /* Main.storyboard in Resources */ = {isa = PBXBuildFile; fileRef = 8880CB8121537EA9007955EA /* Main.storyboard */; };
		8880CB8521537EAA007955EA /* Assets.xcassets in Resources */ = {isa = PBXBuildFile; fileRef = 8880CB8421537EAA007955EA /* Assets.xcassets */; };
		8880CB8821537EAA007955EA /* LaunchScreen.storyboard in Resources */ = {isa = PBXBuildFile; fileRef = 8880CB8621537EAA007955EA /* LaunchScreen.storyboard */; };
		8880CB9021537EE5007955EA /* SwiftyPing.swift in Sources */ = {isa = PBXBuildFile; fileRef = 8880CB8F21537EE5007955EA /* SwiftyPing.swift */; };
/* End PBXBuildFile section */

/* Begin PBXFileReference section */
		8880CB7A21537EA8007955EA /* SwiftyPingTest.app */ = {isa = PBXFileReference; explicitFileType = wrapper.application; includeInIndex = 0; path = SwiftyPingTest.app; sourceTree = BUILT_PRODUCTS_DIR; };
		8880CB7D21537EA8007955EA /* AppDelegate.swift */ = {isa = PBXFileReference; lastKnownFileType = sourcecode.swift; path = AppDelegate.swift; sourceTree = "<group>"; };
		8880CB7F21537EA8007955EA /* ViewController.swift */ = {isa = PBXFileReference; lastKnownFileType = sourcecode.swift; path = ViewController.swift; sourceTree = "<group>"; };
		8880CB8221537EA9007955EA /* Base */ = {isa = PBXFileReference; lastKnownFileType = file.storyboard; name = Base; path = Base.lproj/Main.storyboard; sourceTree = "<group>"; };
		8880CB8421537EAA007955EA /* Assets.xcassets */ = {isa = PBXFileReference; lastKnownFileType = folder.assetcatalog; path = Assets.xcassets; sourceTree = "<group>"; };
		8880CB8721537EAA007955EA /* Base */ = {isa = PBXFileReference; lastKnownFileType = file.storyboard; name = Base; path = Base.lproj/LaunchScreen.storyboard; sourceTree = "<group>"; };
		8880CB8921537EAA007955EA /* Info.plist */ = {isa = PBXFileReference; lastKnownFileType = text.plist.xml; path = Info.plist; sourceTree = "<group>"; };
		8880CB8F21537EE5007955EA /* SwiftyPing.swift */ = {isa = PBXFileReference; fileEncoding = 4; lastKnownFileType = sourcecode.swift; path = SwiftyPing.swift; sourceTree = "<group>"; };
/* End PBXFileReference section */

/* Begin PBXFrameworksBuildPhase section */
		8880CB7721537EA8007955EA /* Frameworks */ = {
			isa = PBXFrameworksBuildPhase;
			buildActionMask = 2147483647;
			files = (
			);
			runOnlyForDeploymentPostprocessing = 0;
		};
/* End PBXFrameworksBuildPhase section */

/* Begin PBXGroup section */
		8880CB7121537EA8007955EA = {
			isa = PBXGroup;
			children = (
				8880CB7C21537EA8007955EA /* SwiftyPingTest */,
				8880CB7B21537EA8007955EA /* Products */,
			);
			sourceTree = "<group>";
		};
		8880CB7B21537EA8007955EA /* Products */ = {
			isa = PBXGroup;
			children = (
				8880CB7A21537EA8007955EA /* SwiftyPingTest.app */,
			);
			name = Products;
			sourceTree = "<group>";
		};
		8880CB7C21537EA8007955EA /* SwiftyPingTest */ = {
			isa = PBXGroup;
			children = (
				8880CB7D21537EA8007955EA /* AppDelegate.swift */,
				8880CB7F21537EA8007955EA /* ViewController.swift */,
				8880CB8121537EA9007955EA /* Main.storyboard */,
				8880CB8421537EAA007955EA /* Assets.xcassets */,
				8880CB8621537EAA007955EA /* LaunchScreen.storyboard */,
				8880CB8921537EAA007955EA /* Info.plist */,
				8880CB8F21537EE5007955EA /* SwiftyPing.swift */,
			);
			path = SwiftyPingTest;
			sourceTree = "<group>";
		};
/* End PBXGroup section */

/* Begin PBXNativeTarget section */
		8880CB7921537EA8007955EA /* SwiftyPingTest */ = {
			isa = PBXNativeTarget;
			buildConfigurationList = 8880CB8C21537EAA007955EA /* Build configuration list for PBXNativeTarget "SwiftyPingTest" */;
			buildPhases = (
				8880CB7621537EA8007955EA /* Sources */,
				8880CB7721537EA8007955EA /* Frameworks */,
				8880CB7821537EA8007955EA /* Resources */,
			);
			buildRules = (
			);
			dependencies = (
			);
			name = SwiftyPingTest;
			productName = SwiftyPingTest;
			productReference = 8880CB7A21537EA8007955EA /* SwiftyPingTest.app */;
			productType = "com.apple.product-type.application";
		};
/* End PBXNativeTarget section */

/* Begin PBXProject section */
		8880CB7221537EA8007955EA /* Project object */ = {
			isa = PBXProject;
			attributes = {
				LastSwiftUpdateCheck = 1000;
				LastUpgradeCheck = 1000;
				ORGANIZATIONNAME = "Sami Yrjänheikki";
				TargetAttributes = {
					8880CB7921537EA8007955EA = {
						CreatedOnToolsVersion = 10.0;
					};
				};
			};
			buildConfigurationList = 8880CB7521537EA8007955EA /* Build configuration list for PBXProject "SwiftyPingTest" */;
			compatibilityVersion = "Xcode 9.3";
			developmentRegion = en;
			hasScannedForEncodings = 0;
			knownRegions = (
				en,
				Base,
			);
			mainGroup = 8880CB7121537EA8007955EA;
			productRefGroup = 8880CB7B21537EA8007955EA /* Products */;
			projectDirPath = "";
			projectRoot = "";
			targets = (
				8880CB7921537EA8007955EA /* SwiftyPingTest */,
			);
		};
/* End PBXProject section */

/* Begin PBXResourcesBuildPhase section */
		8880CB7821537EA8007955EA /* Resources */ = {
			isa = PBXResourcesBuildPhase;
			buildActionMask = 2147483647;
			files = (
				8880CB8821537EAA007955EA /* LaunchScreen.storyboard in Resources */,
				8880CB8521537EAA007955EA /* Assets.xcassets in Resources */,
				8880CB8321537EA9007955EA /* Main.storyboard in Resources */,
			);
			runOnlyForDeploymentPostprocessing = 0;
		};
/* End PBXResourcesBuildPhase section */

/* Begin PBXSourcesBuildPhase section */
		8880CB7621537EA8007955EA /* Sources */ = {
			isa = PBXSourcesBuildPhase;
			buildActionMask = 2147483647;
			files = (
				8880CB9021537EE5007955EA /* SwiftyPing.swift in Sources */,
				8880CB8021537EA8007955EA /* ViewController.swift in Sources */,
				8880CB7E21537EA8007955EA /* AppDelegate.swift in Sources */,
			);
			runOnlyForDeploymentPostprocessing = 0;
		};
/* End PBXSourcesBuildPhase section */

/* Begin PBXVariantGroup section */
		8880CB8121537EA9007955EA /* Main.storyboard */ = {
			isa = PBXVariantGroup;
			children = (
				8880CB8221537EA9007955EA /* Base */,
			);
			name = Main.storyboard;
			sourceTree = "<group>";
		};
		8880CB8621537EAA007955EA /* LaunchScreen.storyboard */ = {
			isa = PBXVariantGroup;
			children = (
				8880CB8721537EAA007955EA /* Base */,
			);
			name = LaunchScreen.storyboard;
			sourceTree = "<group>";
		};
/* End PBXVariantGroup section */

/* Begin XCBuildConfiguration section */
		8880CB8A21537EAA007955EA /* Debug */ = {
			isa = XCBuildConfiguration;
			buildSettings = {
				ALWAYS_SEARCH_USER_PATHS = NO;
				CLANG_ANALYZER_NONNULL = YES;
				CLANG_ANALYZER_NUMBER_OBJECT_CONVERSION = YES_AGGRESSIVE;
				CLANG_CXX_LANGUAGE_STANDARD = "gnu++14";
				CLANG_CXX_LIBRARY = "libc++";
				CLANG_ENABLE_MODULES = YES;
				CLANG_ENABLE_OBJC_ARC = YES;
				CLANG_ENABLE_OBJC_WEAK = YES;
				CLANG_WARN_BLOCK_CAPTURE_AUTORELEASING = YES;
				CLANG_WARN_BOOL_CONVERSION = YES;
				CLANG_WARN_COMMA = YES;
				CLANG_WARN_CONSTANT_CONVERSION = YES;
				CLANG_WARN_DEPRECATED_OBJC_IMPLEMENTATIONS = YES;
				CLANG_WARN_DIRECT_OBJC_ISA_USAGE = YES_ERROR;
				CLANG_WARN_DOCUMENTATION_COMMENTS = YES;
				CLANG_WARN_EMPTY_BODY = YES;
				CLANG_WARN_ENUM_CONVERSION = YES;
				CLANG_WARN_INFINITE_RECURSION = YES;
				CLANG_WARN_INT_CONVERSION = YES;
				CLANG_WARN_NON_LITERAL_NULL_CONVERSION = YES;
				CLANG_WARN_OBJC_IMPLICIT_RETAIN_SELF = YES;
				CLANG_WARN_OBJC_LITERAL_CONVERSION = YES;
				CLANG_WARN_OBJC_ROOT_CLASS = YES_ERROR;
				CLANG_WARN_RANGE_LOOP_ANALYSIS = YES;
				CLANG_WARN_STRICT_PROTOTYPES = YES;
				CLANG_WARN_SUSPICIOUS_MOVE = YES;
				CLANG_WARN_UNGUARDED_AVAILABILITY = YES_AGGRESSIVE;
				CLANG_WARN_UNREACHABLE_CODE = YES;
				CLANG_WARN__DUPLICATE_METHOD_MATCH = YES;
				CODE_SIGN_IDENTITY = "iPhone Developer";
				COPY_PHASE_STRIP = NO;
				DEBUG_INFORMATION_FORMAT = dwarf;
				ENABLE_STRICT_OBJC_MSGSEND = YES;
				ENABLE_TESTABILITY = YES;
				GCC_C_LANGUAGE_STANDARD = gnu11;
				GCC_DYNAMIC_NO_PIC = NO;
				GCC_NO_COMMON_BLOCKS = YES;
				GCC_OPTIMIZATION_LEVEL = 0;
				GCC_PREPROCESSOR_DEFINITIONS = (
					"DEBUG=1",
					"$(inherited)",
				);
				GCC_WARN_64_TO_32_BIT_CONVERSION = YES;
				GCC_WARN_ABOUT_RETURN_TYPE = YES_ERROR;
				GCC_WARN_UNDECLARED_SELECTOR = YES;
				GCC_WARN_UNINITIALIZED_AUTOS = YES_AGGRESSIVE;
				GCC_WARN_UNUSED_FUNCTION = YES;
				GCC_WARN_UNUSED_VARIABLE = YES;
				IPHONEOS_DEPLOYMENT_TARGET = 12.0;
				MTL_ENABLE_DEBUG_INFO = INCLUDE_SOURCE;
				MTL_FAST_MATH = YES;
				ONLY_ACTIVE_ARCH = YES;
				SDKROOT = iphoneos;
				SWIFT_ACTIVE_COMPILATION_CONDITIONS = DEBUG;
				SWIFT_OPTIMIZATION_LEVEL = "-Onone";
			};
			name = Debug;
		};
		8880CB8B21537EAA007955EA /* Release */ = {
			isa = XCBuildConfiguration;
			buildSettings = {
				ALWAYS_SEARCH_USER_PATHS = NO;
				CLANG_ANALYZER_NONNULL = YES;
				CLANG_ANALYZER_NUMBER_OBJECT_CONVERSION = YES_AGGRESSIVE;
				CLANG_CXX_LANGUAGE_STANDARD = "gnu++14";
				CLANG_CXX_LIBRARY = "libc++";
				CLANG_ENABLE_MODULES = YES;
				CLANG_ENABLE_OBJC_ARC = YES;
				CLANG_ENABLE_OBJC_WEAK = YES;
				CLANG_WARN_BLOCK_CAPTURE_AUTORELEASING = YES;
				CLANG_WARN_BOOL_CONVERSION = YES;
				CLANG_WARN_COMMA = YES;
				CLANG_WARN_CONSTANT_CONVERSION = YES;
				CLANG_WARN_DEPRECATED_OBJC_IMPLEMENTATIONS = YES;
				CLANG_WARN_DIRECT_OBJC_ISA_USAGE = YES_ERROR;
				CLANG_WARN_DOCUMENTATION_COMMENTS = YES;
				CLANG_WARN_EMPTY_BODY = YES;
				CLANG_WARN_ENUM_CONVERSION = YES;
				CLANG_WARN_INFINITE_RECURSION = YES;
				CLANG_WARN_INT_CONVERSION = YES;
				CLANG_WARN_NON_LITERAL_NULL_CONVERSION = YES;
				CLANG_WARN_OBJC_IMPLICIT_RETAIN_SELF = YES;
				CLANG_WARN_OBJC_LITERAL_CONVERSION = YES;
				CLANG_WARN_OBJC_ROOT_CLASS = YES_ERROR;
				CLANG_WARN_RANGE_LOOP_ANALYSIS = YES;
				CLANG_WARN_STRICT_PROTOTYPES = YES;
				CLANG_WARN_SUSPICIOUS_MOVE = YES;
				CLANG_WARN_UNGUARDED_AVAILABILITY = YES_AGGRESSIVE;
				CLANG_WARN_UNREACHABLE_CODE = YES;
				CLANG_WARN__DUPLICATE_METHOD_MATCH = YES;
				CODE_SIGN_IDENTITY = "iPhone Developer";
				COPY_PHASE_STRIP = NO;
				DEBUG_INFORMATION_FORMAT = "dwarf-with-dsym";
				ENABLE_NS_ASSERTIONS = NO;
				ENABLE_STRICT_OBJC_MSGSEND = YES;
				GCC_C_LANGUAGE_STANDARD = gnu11;
				GCC_NO_COMMON_BLOCKS = YES;
				GCC_WARN_64_TO_32_BIT_CONVERSION = YES;
				GCC_WARN_ABOUT_RETURN_TYPE = YES_ERROR;
				GCC_WARN_UNDECLARED_SELECTOR = YES;
				GCC_WARN_UNINITIALIZED_AUTOS = YES_AGGRESSIVE;
				GCC_WARN_UNUSED_FUNCTION = YES;
				GCC_WARN_UNUSED_VARIABLE = YES;
				IPHONEOS_DEPLOYMENT_TARGET = 12.0;
				MTL_ENABLE_DEBUG_INFO = NO;
				MTL_FAST_MATH = YES;
				SDKROOT = iphoneos;
				SWIFT_COMPILATION_MODE = wholemodule;
				SWIFT_OPTIMIZATION_LEVEL = "-O";
				VALIDATE_PRODUCT = YES;
			};
			name = Release;
		};
		8880CB8D21537EAA007955EA /* Debug */ = {
			isa = XCBuildConfiguration;
			buildSettings = {
				ASSETCATALOG_COMPILER_APPICON_NAME = AppIcon;
				CODE_SIGN_STYLE = Automatic;
				DEVELOPMENT_TEAM = 382EB97XNX;
				INFOPLIST_FILE = SwiftyPingTest/Info.plist;
				LD_RUNPATH_SEARCH_PATHS = (
					"$(inherited)",
					"@executable_path/Frameworks",
				);
				PRODUCT_BUNDLE_IDENTIFIER = com.samiyrjanheikki.SwiftyPingTest;
				PRODUCT_NAME = "$(TARGET_NAME)";
				SWIFT_VERSION = 4.2;
				TARGETED_DEVICE_FAMILY = "1,2";
			};
			name = Debug;
		};
		8880CB8E21537EAA007955EA /* Release */ = {
			isa = XCBuildConfiguration;
			buildSettings = {
				ASSETCATALOG_COMPILER_APPICON_NAME = AppIcon;
				CODE_SIGN_STYLE = Automatic;
				DEVELOPMENT_TEAM = 382EB97XNX;
				INFOPLIST_FILE = SwiftyPingTest/Info.plist;
				LD_RUNPATH_SEARCH_PATHS = (
					"$(inherited)",
					"@executable_path/Frameworks",
				);
				PRODUCT_BUNDLE_IDENTIFIER = com.samiyrjanheikki.SwiftyPingTest;
				PRODUCT_NAME = "$(TARGET_NAME)";
				SWIFT_VERSION = 4.2;
				TARGETED_DEVICE_FAMILY = "1,2";
			};
			name = Release;
		};
/* End XCBuildConfiguration section */

/* Begin XCConfigurationList section */
		8880CB7521537EA8007955EA /* Build configuration list for PBXProject "SwiftyPingTest" */ = {
			isa = XCConfigurationList;
			buildConfigurations = (
				8880CB8A21537EAA007955EA /* Debug */,
				8880CB8B21537EAA007955EA /* Release */,
			);
			defaultConfigurationIsVisible = 0;
			defaultConfigurationName = Release;
		};
		8880CB8C21537EAA007955EA /* Build configuration list for PBXNativeTarget "SwiftyPingTest" */ = {
			isa = XCConfigurationList;
			buildConfigurations = (
				8880CB8D21537EAA007955EA /* Debug */,
				8880CB8E21537EAA007955EA /* Release */,
			);
			defaultConfigurationIsVisible = 0;
			defaultConfigurationName = Release;
		};
/* End XCConfigurationList section */
	};
	rootObject = 8880CB7221537EA8007955EA /* Project object */;
}
